schema: '2.0'
stages:
  preprocess:
    cmd: python src/preprocess.py --input_path data/merged_train_data.csv 
      --output_dir data/processed --model_dir models --train_ratio 0.8 
      --top_k_missing 80 --clip_percentile 0.99 --cat_min_freq 0.0005
    deps:
    - path: data/merged_train_data.csv
      hash: md5
      md5: 48a8cc1e32cceaea5c772b5a698bc272
      size: 718479517
    - path: src/preprocess.py
      hash: md5
      md5: c95236de5909f24accdb14bdb7719500
      size: 13568
    params:
      params.yaml:
        preprocess.cat_min_freq: 0.0005
        preprocess.clip_percentile: 0.99
        preprocess.input_path: data/merged_train_data.csv
        preprocess.model_dir: models
        preprocess.output_dir: data/processed
        preprocess.top_k_missing: 80
        preprocess.train_ratio: 0.8
    outs:
    - path: data/processed/train_preprocessed.parquet
      hash: md5
      md5: 64569348665231f329136900a5bc1a80
      size: 67494759
    - path: data/processed/val_preprocessed.parquet
      hash: md5
      md5: 23199035a245af4cfc5f3bbfde0f6e6c
      size: 17494563
    - path: models/preprocessor_v1.pkl
      hash: md5
      md5: 26be7338e0f61ac860fb619af7add9ac
      size: 43655
  feature_engineering:
    cmd: python src/feature_engineering.py --train_input_path 
      data/processed/train_preprocessed.parquet --val_input_path 
      data/processed/val_preprocessed.parquet --output_dir data/featured 
      --pca_components 2 --target_col isFraud
    deps:
    - path: data/processed/train_preprocessed.parquet
      hash: md5
      md5: 64569348665231f329136900a5bc1a80
      size: 67494759
    - path: data/processed/val_preprocessed.parquet
      hash: md5
      md5: 23199035a245af4cfc5f3bbfde0f6e6c
      size: 17494563
    - path: src/feature_engineering.py
      hash: md5
      md5: d345d3581eb9a84f5d2aa8bee3fe6fe6
      size: 16374
    params:
      params.yaml:
        features.output_dir: data/featured
        features.pca_components: 2
        features.target_col: isFraud
        features.train_input_path: data/processed/train_preprocessed.parquet
        features.use_frequency_encoding: true
        features.use_missing_flags: true
        features.use_pca: true
        features.use_v_features: true
        features.val_input_path: data/processed/val_preprocessed.parquet
    outs:
    - path: data/featured/X_train.parquet
      hash: md5
      md5: d30efe522d634ca045045dd75f7f446b
      size: 108186636
    - path: data/featured/X_val.parquet
      hash: md5
      md5: cb76d947fef77a8de26a9446df8124da
      size: 28636588
    - path: data/featured/y_train.parquet
      hash: md5
      md5: eab9e739d66795da068433f08a9157c4
      size: 28643
    - path: data/featured/y_val.parquet
      hash: md5
      md5: 6e167e3372412432ab738299b7b0468d
      size: 8126
  balance:
    cmd: python src/balancing.py --x_train_path data/featured/X_train.parquet 
      --y_train_path data/featured/y_train.parquet --x_val_path 
      data/featured/X_val.parquet --y_val_path data/featured/y_val.parquet 
      --output_dir data/balanced --metrics_path metrics/balancing_metrics.json 
      --sampling_ratio 0.3 --save_method rus --random_state 42
    deps:
    - path: data/featured/X_train.parquet
      hash: md5
      md5: d30efe522d634ca045045dd75f7f446b
      size: 108186636
    - path: data/featured/X_val.parquet
      hash: md5
      md5: cb76d947fef77a8de26a9446df8124da
      size: 28636588
    - path: data/featured/y_train.parquet
      hash: md5
      md5: eab9e739d66795da068433f08a9157c4
      size: 28643
    - path: data/featured/y_val.parquet
      hash: md5
      md5: 6e167e3372412432ab738299b7b0468d
      size: 8126
    - path: src/balancing.py
      hash: md5
      md5: 7123dfa605a87a5ad8f3de93d5c195b0
      size: 6639
    params:
      params.yaml:
        balance.metrics_path: metrics/balancing_metrics.json
        balance.output_dir: data/balanced
        balance.random_state: 42
        balance.sampling_ratio: 0.3
        balance.save_method: rus
        balance.x_train_path: data/featured/X_train.parquet
        balance.x_val_path: data/featured/X_val.parquet
        balance.y_train_path: data/featured/y_train.parquet
        balance.y_val_path: data/featured/y_val.parquet
    outs:
    - path: data/balanced/X_train_rus.parquet
      hash: md5
      md5: 9fd6492720b835093ace41dec781636f
      size: 18684509
    - path: data/balanced/y_train_rus.parquet
      hash: md5
      md5: 32979c80b291ae923dab97de6bb5fd52
      size: 1198
    - path: metrics/balancing_metrics.json
      hash: md5
      md5: d0600236dc26089567ae2796703345f1
      size: 2057
  train:
    cmd: python src/train.py --x_train_path data/balanced/X_train_rus.parquet 
      --y_train_path data/balanced/y_train_rus.parquet --x_val_path 
      data/featured/X_val.parquet --y_val_path data/featured/y_val.parquet 
      --model_path models/model.pkl --metrics_path metrics/train_metrics.json 
      --enable_tuning --n_trials 50 --tune_models XGBoost,LightGBM,CatBoost 
      --mlflow_experiment ieee_fraud_detection --mlflow_run_name tune_v1
    deps:
    - path: data/balanced/X_train_rus.parquet
      hash: md5
      md5: 9fd6492720b835093ace41dec781636f
      size: 18684509
    - path: data/balanced/y_train_rus.parquet
      hash: md5
      md5: 32979c80b291ae923dab97de6bb5fd52
      size: 1198
    - path: data/featured/X_val.parquet
      hash: md5
      md5: cb76d947fef77a8de26a9446df8124da
      size: 28636588
    - path: data/featured/y_val.parquet
      hash: md5
      md5: 6e167e3372412432ab738299b7b0468d
      size: 8126
    - path: src/train.py
      hash: md5
      md5: 689ffe1daba2a1302113d914ec179e34
      size: 22313
    params:
      params.yaml:
        mlflow.experiment_name: ieee_fraud_detection
        mlflow.run_name: tune_v1
        train.metrics_path: metrics/train_metrics.json
        train.model_path: models/model.pkl
        train.n_trials: 50
        train.tune_models: XGBoost,LightGBM,CatBoost
        train.x_train_path: data/balanced/X_train_rus.parquet
        train.x_val_path: data/featured/X_val.parquet
        train.y_train_path: data/balanced/y_train_rus.parquet
        train.y_val_path: data/featured/y_val.parquet
    outs:
    - path: metrics/train_metrics.json
      hash: md5
      md5: 2000d1c684fde4b708386e2fca1d2d0a
      size: 9329
    - path: models/model.pkl
      hash: md5
      md5: dd6a9056a02b69951fa216959fbd102b
      size: 3168239
